
Microsoft Visual Studio Solution File, Format Version 12.00
# Visual Studio Version 17
VisualStudioVersion = 17.6.33829.357
MinimumVisualStudioVersion = 10.0.40219.1
Project("{FAE04EC0-301F-11D3-BF4B-00C04F79EFBC}") = "Blog.Web", "Blog.Web\Blog.Web.csproj", "{8BDD90DD-AF58-4B30-B07B-BDDF8B663320}"
EndProject
Project("{FAE04EC0-301F-11D3-BF4B-00C04F79EFBC}") = "Blog.Dal", "Blog.Dal\Blog.Dal.csproj", "{8F36C8DB-C7FF-464B-B8B2-36AC30C532BF}"
EndProject
Project("{FAE04EC0-301F-11D3-BF4B-00C04F79EFBC}") = "Blog.Entity", "Blog.Bll\Blog.Entity.csproj", "{ADC944DE-9BD5-4501-9E00-DC157604560D}"
EndProject
Project("{FAE04EC0-301F-11D3-BF4B-00C04F79EFBC}") = "Blog.Service", "Blog.Service\Blog.Service.csproj", "{DEB9AEA9-A5FB-496D-A814-530D48125463}"
EndProject
Project("{FAE04EC0-301F-11D3-BF4B-00C04F79EFBC}") = "Blog.Core", "Blog.Core\Blog.Core.csproj", "{093AE144-B93C-4489-96E8-5CC5CFF3A6BB}"
EndProject
Global
	GlobalSection(SolutionConfigurationPlatforms) = preSolution
		Debug|Any CPU = Debug|Any CPU
		Release|Any CPU = Release|Any CPU
	EndGlobalSection
	GlobalSection(ProjectConfigurationPlatforms) = postSolution
		{8BDD90DD-AF58-4B30-B07B-BDDF8B663320}.Debug|Any CPU.ActiveCfg = Debug|Any CPU
		{8BDD90DD-AF58-4B30-B07B-BDDF8B663320}.Debug|Any CPU.Build.0 = Debug|Any CPU
		{8BDD90DD-AF58-4B30-B07B-BDDF8B663320}.Release|Any CPU.ActiveCfg = Release|Any CPU
		{8BDD90DD-AF58-4B30-B07B-BDDF8B663320}.Release|Any CPU.Build.0 = Release|Any CPU
		{8F36C8DB-C7FF-464B-B8B2-36AC30C532BF}.Debug|Any CPU.ActiveCfg = Debug|Any CPU
		{8F36C8DB-C7FF-464B-B8B2-36AC30C532BF}.Debug|Any CPU.Build.0 = Debug|Any CPU
		{8F36C8DB-C7FF-464B-B8B2-36AC30C532BF}.Release|Any CPU.ActiveCfg = Release|Any CPU
		{8F36C8DB-C7FF-464B-B8B2-36AC30C532BF}.Release|Any CPU.Build.0 = Release|Any CPU
		{ADC944DE-9BD5-4501-9E00-DC157604560D}.Debug|Any CPU.ActiveCfg = Debug|Any CPU
		{ADC944DE-9BD5-4501-9E00-DC157604560D}.Debug|Any CPU.Build.0 = Debug|Any CPU
		{ADC944DE-9BD5-4501-9E00-DC157604560D}.Release|Any CPU.ActiveCfg = Release|Any CPU
		{ADC944DE-9BD5-4501-9E00-DC157604560D}.Release|Any CPU.Build.0 = Release|Any CPU
		{DEB9AEA9-A5FB-496D-A814-530D48125463}.Debug|Any CPU.ActiveCfg = Debug|Any CPU
		{DEB9AEA9-A5FB-496D-A814-530D48125463}.Debug|Any CPU.Build.0 = Debug|Any CPU
		{DEB9AEA9-A5FB-496D-A814-530D48125463}.Release|Any CPU.ActiveCfg = Release|Any CPU
		{DEB9AEA9-A5FB-496D-A814-530D48125463}.Release|Any CPU.Build.0 = Release|Any CPU
		{093AE144-B93C-4489-96E8-5CC5CFF3A6BB}.Debug|Any CPU.ActiveCfg = Debug|Any CPU
		{093AE144-B93C-4489-96E8-5CC5CFF3A6BB}.Debug|Any CPU.Build.0 = Debug|Any CPU
		{093AE144-B93C-4489-96E8-5CC5CFF3A6BB}.Release|Any CPU.ActiveCfg = Release|Any CPU
		{093AE144-B93C-4489-96E8-5CC5CFF3A6BB}.Release|Any CPU.Build.0 = Release|Any CPU
	EndGlobalSection
	GlobalSection(SolutionProperties) = preSolution
		HideSolutionNode = FALSE
	EndGlobalSection
	GlobalSection(ExtensibilityGlobals) = postSolution
		SolutionGuid = {588C19E3-0476-482E-A71C-E7B1FECCE52E}
	EndGlobalSection
EndGlobal
